
Microsoft Visual Studio Solution File, Format Version 12.00
# Visual Studio Version 17
VisualStudioVersion = 17.7.34221.43
MinimumVisualStudioVersion = 10.0.40219.1
Project("{FAE04EC0-301F-11D3-BF4B-00C04F79EFBC}") = "MiProyectoDePrueba", "MiProyectoDePrueba\MiProyectoDePrueba.csproj", "{9E637F1B-7DC2-4E22-B6E9-39819D798A34}"
EndProject
Project("{2150E333-8FDC-42A3-9474-1A3956D46DE8}") = "Backups_database", "Backups_database", "{53EE65AB-96F3-4E60-B73F-0ACA8946B854}"
	ProjectSection(SolutionItems) = preProject
		..\..\..\..\..\..\backups de bases de datos\backup_IntegradorAgenciaViajes.bak = ..\..\..\..\..\..\backups de bases de datos\backup_IntegradorAgenciaViajes.bak
	EndProjectSection
EndProject
Global
	GlobalSection(SolutionConfigurationPlatforms) = preSolution
		Debug|Any CPU = Debug|Any CPU
		Release|Any CPU = Release|Any CPU
	EndGlobalSection
	GlobalSection(ProjectConfigurationPlatforms) = postSolution
		{9E637F1B-7DC2-4E22-B6E9-39819D798A34}.Debug|Any CPU.ActiveCfg = Debug|Any CPU
		{9E637F1B-7DC2-4E22-B6E9-39819D798A34}.Debug|Any CPU.Build.0 = Debug|Any CPU
		{9E637F1B-7DC2-4E22-B6E9-39819D798A34}.Release|Any CPU.ActiveCfg = Release|Any CPU
		{9E637F1B-7DC2-4E22-B6E9-39819D798A34}.Release|Any CPU.Build.0 = Release|Any CPU
	EndGlobalSection
	GlobalSection(SolutionProperties) = preSolution
		HideSolutionNode = FALSE
	EndGlobalSection
	GlobalSection(ExtensibilityGlobals) = postSolution
		SolutionGuid = {6C016ED3-F70C-491C-91A1-32C29D26B23C}
	EndGlobalSection
EndGlobal
